Microsoft Visual Studio Solution File, Format Version 11.00
# Visual Studio 2008

Project("{FAD0CE22-1C82-6EED-E253-CB0956CA0700}") = "lighthouse", "Assembly-CSharp-firstpass.csproj", "{35706AE5-0B76-FE20-5DA2-D2DAD8B57B80}"
EndProject
Project("{FAD0CE22-1C82-6EED-E253-CB0956CA0700}") = "lighthouse", "Assembly-CSharp.csproj", "{4241597B-835F-98B7-9768-B02D39BB4B49}"
EndProject
Project("{FAD0CE22-1C82-6EED-E253-CB0956CA0700}") = "lighthouse", "Assembly-CSharp-Editor-firstpass.csproj", "{0230461B-B2F9-B264-40E1-CC401652B9BE}"
EndProject
Project("{FAD0CE22-1C82-6EED-E253-CB0956CA0700}") = "lighthouse", "Assembly-CSharp-Editor.csproj", "{9CAF99BE-A112-E2C5-37B9-3DEB13C9EA81}"
EndProject
Global
	GlobalSection(SolutionConfigurationPlatforms) = preSolution
		Debug|Any CPU = Debug|Any CPU
		Release|Any CPU = Release|Any CPU
	EndGlobalSection
	GlobalSection(ProjectConfigurationPlatforms) = postSolution
		{35706AE5-0B76-FE20-5DA2-D2DAD8B57B80}.Debug|Any CPU.ActiveCfg = Debug|Any CPU
		{35706AE5-0B76-FE20-5DA2-D2DAD8B57B80}.Debug|Any CPU.Build.0 = Debug|Any CPU
		{35706AE5-0B76-FE20-5DA2-D2DAD8B57B80}.Release|Any CPU.ActiveCfg = Release|Any CPU
		{35706AE5-0B76-FE20-5DA2-D2DAD8B57B80}.Release|Any CPU.Build.0 = Release|Any CPU
		{4241597B-835F-98B7-9768-B02D39BB4B49}.Debug|Any CPU.ActiveCfg = Debug|Any CPU
		{4241597B-835F-98B7-9768-B02D39BB4B49}.Debug|Any CPU.Build.0 = Debug|Any CPU
		{4241597B-835F-98B7-9768-B02D39BB4B49}.Release|Any CPU.ActiveCfg = Release|Any CPU
		{4241597B-835F-98B7-9768-B02D39BB4B49}.Release|Any CPU.Build.0 = Release|Any CPU
		{0230461B-B2F9-B264-40E1-CC401652B9BE}.Debug|Any CPU.ActiveCfg = Debug|Any CPU
		{0230461B-B2F9-B264-40E1-CC401652B9BE}.Debug|Any CPU.Build.0 = Debug|Any CPU
		{0230461B-B2F9-B264-40E1-CC401652B9BE}.Release|Any CPU.ActiveCfg = Release|Any CPU
		{0230461B-B2F9-B264-40E1-CC401652B9BE}.Release|Any CPU.Build.0 = Release|Any CPU
		{9CAF99BE-A112-E2C5-37B9-3DEB13C9EA81}.Debug|Any CPU.ActiveCfg = Debug|Any CPU
		{9CAF99BE-A112-E2C5-37B9-3DEB13C9EA81}.Debug|Any CPU.Build.0 = Debug|Any CPU
		{9CAF99BE-A112-E2C5-37B9-3DEB13C9EA81}.Release|Any CPU.ActiveCfg = Release|Any CPU
		{9CAF99BE-A112-E2C5-37B9-3DEB13C9EA81}.Release|Any CPU.Build.0 = Release|Any CPU
	EndGlobalSection
	GlobalSection(SolutionProperties) = preSolution
		HideSolutionNode = FALSE
	EndGlobalSection
	GlobalSection(MonoDevelopProperties) = preSolution
		StartupItem = Assembly-CSharp.csproj
	EndGlobalSection
EndGlobal
